
Microsoft Visual Studio Solution File, Format Version 12.00
# Visual Studio Version 17
VisualStudioVersion = 17.7.34031.279
MinimumVisualStudioVersion = 10.0.40219.1
Project("{9A19103F-16F7-4668-BE54-9A1E7A4F7556}") = "GroupProject", "GroupProject\GroupProject.csproj", "{624CD167-C29A-4CE7-8F82-4A8A31E8D588}"
EndProject
Project("{9A19103F-16F7-4668-BE54-9A1E7A4F7556}") = "DataAccessLayer", "DataAccessLayer\DataAccessLayer.csproj", "{2A6BE05C-C8A1-4494-B4DD-F2562E86C8F9}"
EndProject
Project("{9A19103F-16F7-4668-BE54-9A1E7A4F7556}") = "BussinessLayer", "BussinessLayer\BussinessLayer.csproj", "{AAB10D11-F09A-4CE4-9792-D68FC166F829}"
EndProject
Project("{9A19103F-16F7-4668-BE54-9A1E7A4F7556}") = "DataBlocks", "DataBlocks\DataBlocks.csproj", "{8BD46FEE-1A60-474F-A804-A2CE7886D2B1}"
EndProject
Project("{9A19103F-16F7-4668-BE54-9A1E7A4F7556}") = "DesktopAppMediaBazaar", "DesktopAppMediaBazaar\DesktopAppMediaBazaar.csproj", "{97F2AA08-996F-460C-A70A-EE764930D94D}"
EndProject
Global
	GlobalSection(SolutionConfigurationPlatforms) = preSolution
		Debug|Any CPU = Debug|Any CPU
		Release|Any CPU = Release|Any CPU
	EndGlobalSection
	GlobalSection(ProjectConfigurationPlatforms) = postSolution
		{624CD167-C29A-4CE7-8F82-4A8A31E8D588}.Debug|Any CPU.ActiveCfg = Debug|Any CPU
		{624CD167-C29A-4CE7-8F82-4A8A31E8D588}.Debug|Any CPU.Build.0 = Debug|Any CPU
		{624CD167-C29A-4CE7-8F82-4A8A31E8D588}.Release|Any CPU.ActiveCfg = Release|Any CPU
		{624CD167-C29A-4CE7-8F82-4A8A31E8D588}.Release|Any CPU.Build.0 = Release|Any CPU
		{2A6BE05C-C8A1-4494-B4DD-F2562E86C8F9}.Debug|Any CPU.ActiveCfg = Debug|Any CPU
		{2A6BE05C-C8A1-4494-B4DD-F2562E86C8F9}.Debug|Any CPU.Build.0 = Debug|Any CPU
		{2A6BE05C-C8A1-4494-B4DD-F2562E86C8F9}.Release|Any CPU.ActiveCfg = Release|Any CPU
		{2A6BE05C-C8A1-4494-B4DD-F2562E86C8F9}.Release|Any CPU.Build.0 = Release|Any CPU
		{AAB10D11-F09A-4CE4-9792-D68FC166F829}.Debug|Any CPU.ActiveCfg = Debug|Any CPU
		{AAB10D11-F09A-4CE4-9792-D68FC166F829}.Debug|Any CPU.Build.0 = Debug|Any CPU
		{AAB10D11-F09A-4CE4-9792-D68FC166F829}.Release|Any CPU.ActiveCfg = Release|Any CPU
		{AAB10D11-F09A-4CE4-9792-D68FC166F829}.Release|Any CPU.Build.0 = Release|Any CPU
		{8BD46FEE-1A60-474F-A804-A2CE7886D2B1}.Debug|Any CPU.ActiveCfg = Debug|Any CPU
		{8BD46FEE-1A60-474F-A804-A2CE7886D2B1}.Debug|Any CPU.Build.0 = Debug|Any CPU
		{8BD46FEE-1A60-474F-A804-A2CE7886D2B1}.Release|Any CPU.ActiveCfg = Release|Any CPU
		{8BD46FEE-1A60-474F-A804-A2CE7886D2B1}.Release|Any CPU.Build.0 = Release|Any CPU
		{97F2AA08-996F-460C-A70A-EE764930D94D}.Debug|Any CPU.ActiveCfg = Debug|Any CPU
		{97F2AA08-996F-460C-A70A-EE764930D94D}.Debug|Any CPU.Build.0 = Debug|Any CPU
		{97F2AA08-996F-460C-A70A-EE764930D94D}.Release|Any CPU.ActiveCfg = Release|Any CPU
		{97F2AA08-996F-460C-A70A-EE764930D94D}.Release|Any CPU.Build.0 = Release|Any CPU
	EndGlobalSection
	GlobalSection(SolutionProperties) = preSolution
		HideSolutionNode = FALSE
	EndGlobalSection
	GlobalSection(ExtensibilityGlobals) = postSolution
		SolutionGuid = {30B84AAF-B939-439E-A8DE-1ED933D6E347}
	EndGlobalSection
EndGlobal
